
Microsoft Visual Studio Solution File, Format Version 12.00
# Visual Studio Version 17
VisualStudioVersion = 17.14.36408.4 d17.14
MinimumVisualStudioVersion = 10.0.40219.1
Project("{8BC9CEB8-8B4A-11D0-8D11-00A0C91BC942}") = "test _area", "test _area\test _area.vcxproj", "{90D64357-EB47-45A5-9AEF-5EEEB4C8249E}"
EndProject
Global
	GlobalSection(SolutionConfigurationPlatforms) = preSolution
		Debug|x64 = Debug|x64
		Debug|x86 = Debug|x86
		Release|x64 = Release|x64
		Release|x86 = Release|x86
	EndGlobalSection
	GlobalSection(ProjectConfigurationPlatforms) = postSolution
		{90D64357-EB47-45A5-9AEF-5EEEB4C8249E}.Debug|x64.ActiveCfg = Debug|x64
		{90D64357-EB47-45A5-9AEF-5EEEB4C8249E}.Debug|x64.Build.0 = Debug|x64
		{90D64357-EB47-45A5-9AEF-5EEEB4C8249E}.Debug|x86.ActiveCfg = Debug|Win32
		{90D64357-EB47-45A5-9AEF-5EEEB4C8249E}.Debug|x86.Build.0 = Debug|Win32
		{90D64357-EB47-45A5-9AEF-5EEEB4C8249E}.Release|x64.ActiveCfg = Release|x64
		{90D64357-EB47-45A5-9AEF-5EEEB4C8249E}.Release|x64.Build.0 = Release|x64
		{90D64357-EB47-45A5-9AEF-5EEEB4C8249E}.Release|x86.ActiveCfg = Release|Win32
		{90D64357-EB47-45A5-9AEF-5EEEB4C8249E}.Release|x86.Build.0 = Release|Win32
	EndGlobalSection
	GlobalSection(SolutionProperties) = preSolution
		HideSolutionNode = FALSE
	EndGlobalSection
	GlobalSection(ExtensibilityGlobals) = postSolution
		SolutionGuid = {475C2F6F-6EEF-4DB6-9149-D92F02550538}
	EndGlobalSection
EndGlobal
